
Microsoft Visual Studio Solution File, Format Version 12.00
# Visual Studio 15
VisualStudioVersion = 15.0.28307.421
MinimumVisualStudioVersion = 10.0.40219.1
Project("{FAE04EC0-301F-11D3-BF4B-00C04F79EFBC}") = "WebApplication9", "WebApplication9\WebApplication9.csproj", "{E72FA360-E696-4905-BB93-BD1B93A7933E}"
EndProject
Global
	GlobalSection(SolutionConfigurationPlatforms) = preSolution
		Debug|Any CPU = Debug|Any CPU
		Release|Any CPU = Release|Any CPU
	EndGlobalSection
	GlobalSection(ProjectConfigurationPlatforms) = postSolution
		{E72FA360-E696-4905-BB93-BD1B93A7933E}.Debug|Any CPU.ActiveCfg = Debug|Any CPU
		{E72FA360-E696-4905-BB93-BD1B93A7933E}.Debug|Any CPU.Build.0 = Debug|Any CPU
		{E72FA360-E696-4905-BB93-BD1B93A7933E}.Release|Any CPU.ActiveCfg = Release|Any CPU
		{E72FA360-E696-4905-BB93-BD1B93A7933E}.Release|Any CPU.Build.0 = Release|Any CPU
	EndGlobalSection
	GlobalSection(SolutionProperties) = preSolution
		HideSolutionNode = FALSE
	EndGlobalSection
	GlobalSection(ExtensibilityGlobals) = postSolution
		SolutionGuid = {DDF0B902-6225-4DB2-A554-5D4AC101E82C}
	EndGlobalSection
EndGlobal
